
Microsoft Visual Studio Solution File, Format Version 12.00
# Visual Studio Version 17
VisualStudioVersion = 17.0.31903.59
MinimumVisualStudioVersion = 10.0.40219.1
Project("{FAE04EC0-301F-11D3-BF4B-00C04F79EFBC}") = "API", "API\API.csproj", "{B7DEEAEC-DD8E-45E0-90D9-64E743B1A328}"
EndProject
Project("{FAE04EC0-301F-11D3-BF4B-00C04F79EFBC}") = "Core", "Core\Core.csproj", "{2C5B0FFC-DF42-48C0-81F4-D4EB543B92EE}"
EndProject
Project("{FAE04EC0-301F-11D3-BF4B-00C04F79EFBC}") = "Infrastructure", "Infrastructure\Infrastructure.csproj", "{18F9937A-5CD9-41C6-BB1A-E1183A951F33}"
EndProject
Global
	GlobalSection(SolutionConfigurationPlatforms) = preSolution
		Debug|Any CPU = Debug|Any CPU
		Release|Any CPU = Release|Any CPU
	EndGlobalSection
	GlobalSection(SolutionProperties) = preSolution
		HideSolutionNode = FALSE
	EndGlobalSection
	GlobalSection(ProjectConfigurationPlatforms) = postSolution
		{B7DEEAEC-DD8E-45E0-90D9-64E743B1A328}.Debug|Any CPU.ActiveCfg = Debug|Any CPU
		{B7DEEAEC-DD8E-45E0-90D9-64E743B1A328}.Debug|Any CPU.Build.0 = Debug|Any CPU
		{B7DEEAEC-DD8E-45E0-90D9-64E743B1A328}.Release|Any CPU.ActiveCfg = Release|Any CPU
		{B7DEEAEC-DD8E-45E0-90D9-64E743B1A328}.Release|Any CPU.Build.0 = Release|Any CPU
		{2C5B0FFC-DF42-48C0-81F4-D4EB543B92EE}.Debug|Any CPU.ActiveCfg = Debug|Any CPU
		{2C5B0FFC-DF42-48C0-81F4-D4EB543B92EE}.Debug|Any CPU.Build.0 = Debug|Any CPU
		{2C5B0FFC-DF42-48C0-81F4-D4EB543B92EE}.Release|Any CPU.ActiveCfg = Release|Any CPU
		{2C5B0FFC-DF42-48C0-81F4-D4EB543B92EE}.Release|Any CPU.Build.0 = Release|Any CPU
		{18F9937A-5CD9-41C6-BB1A-E1183A951F33}.Debug|Any CPU.ActiveCfg = Debug|Any CPU
		{18F9937A-5CD9-41C6-BB1A-E1183A951F33}.Debug|Any CPU.Build.0 = Debug|Any CPU
		{18F9937A-5CD9-41C6-BB1A-E1183A951F33}.Release|Any CPU.ActiveCfg = Release|Any CPU
		{18F9937A-5CD9-41C6-BB1A-E1183A951F33}.Release|Any CPU.Build.0 = Release|Any CPU
	EndGlobalSection
EndGlobal
